
Microsoft Visual Studio Solution File, Format Version 11.00
# Visual Studio 2010
Project("{FAE04EC0-301F-11D3-BF4B-00C04F79EFBC}") = "Mask096", "Mask096\Mask096.csproj", "{9FF16B5A-A128-4D50-93A2-C6F1E3B78FA9}"
EndProject
Global
	GlobalSection(SolutionConfigurationPlatforms) = preSolution
		Debug|Any CPU = Debug|Any CPU
		Release|Any CPU = Release|Any CPU
	EndGlobalSection
	GlobalSection(ProjectConfigurationPlatforms) = postSolution
		{9FF16B5A-A128-4D50-93A2-C6F1E3B78FA9}.Debug|Any CPU.ActiveCfg = Debug|Any CPU
		{9FF16B5A-A128-4D50-93A2-C6F1E3B78FA9}.Debug|Any CPU.Build.0 = Debug|Any CPU
		{9FF16B5A-A128-4D50-93A2-C6F1E3B78FA9}.Release|Any CPU.ActiveCfg = Release|Any CPU
		{9FF16B5A-A128-4D50-93A2-C6F1E3B78FA9}.Release|Any CPU.Build.0 = Release|Any CPU
	EndGlobalSection
	GlobalSection(SolutionProperties) = preSolution
		HideSolutionNode = FALSE
	EndGlobalSection
EndGlobal
